// !$*UTF8*$!
{
	archiveVersion = 1;
	classes = {
	};
	objectVersion = 48;
	objects = {

/* Begin PBXBuildFile section */
		B8DABD8D00B5F5DDC49853A3 /* libPods-JRTTDemo.a in Frameworks */ = {isa = PBXBuildFile; fileRef = A1F97B3F299A2789E3B86AF6 /* libPods-JRTTDemo.a */; };
		FE20BCFD201AD2A300BA07C8 /* CollectionViewModel.m in Sources */ = {isa = PBXBuildFile; fileRef = FE20BCFC201AD2A300BA07C8 /* CollectionViewModel.m */; };
		FE20BD01201AD66B00BA07C8 /* HomeMenuCollectionViewCell.m in Sources */ = {isa = PBXBuildFile; fileRef = FE20BCFF201AD66B00BA07C8 /* HomeMenuCollectionViewCell.m */; };
		FE20BD02201AD66B00BA07C8 /* HomeMenuCollectionViewCell.xib in Resources */ = {isa = PBXBuildFile; fileRef = FE20BD00201AD66B00BA07C8 /* HomeMenuCollectionViewCell.xib */; };
		FE20BD07201AE9EB00BA07C8 /* CDViewController.m in Sources */ = {isa = PBXBuildFile; fileRef = FE20BD06201AE9EB00BA07C8 /* CDViewController.m */; };
		FE4D2032201F004000FBD21D /* HomeViewController.m in Sources */ = {isa = PBXBuildFile; fileRef = FE4D2031201F004000FBD21D /* HomeViewController.m */; };
		FE679E792043B26900667A75 /* WeiTouTiaoViewController.m in Sources */ = {isa = PBXBuildFile; fileRef = FE679E782043B26900667A75 /* WeiTouTiaoViewController.m */; };
		FE679E7D2043B2ED00667A75 /* SSHomeTopView.m in Sources */ = {isa = PBXBuildFile; fileRef = FE679E7C2043B2ED00667A75 /* SSHomeTopView.m */; };
		FE679E812043B5FE00667A75 /* AAACollectionViewCell.m in Sources */ = {isa = PBXBuildFile; fileRef = FE679E7F2043B5FE00667A75 /* AAACollectionViewCell.m */; };
		FE679E822043B5FE00667A75 /* AAACollectionViewCell.xib in Resources */ = {isa = PBXBuildFile; fileRef = FE679E802043B5FE00667A75 /* AAACollectionViewCell.xib */; };
		FE75C7EC202809CB003C7D68 /* ContentModel.m in Sources */ = {isa = PBXBuildFile; fileRef = FE75C7EB202809CB003C7D68 /* ContentModel.m */; };
		FE75C7EF20280D5B003C7D68 /* DataModel.m in Sources */ = {isa = PBXBuildFile; fileRef = FE75C7EE20280D5B003C7D68 /* DataModel.m */; };
		FE75C7F82028457E003C7D68 /* HttpHelper.m in Sources */ = {isa = PBXBuildFile; fileRef = FE75C7F72028457E003C7D68 /* HttpHelper.m */; };
		FEA35730201EBA2C009BDA4E /* JRTTabBarItem.m in Sources */ = {isa = PBXBuildFile; fileRef = FEA3572F201EBA2C009BDA4E /* JRTTabBarItem.m */; };
		FEA6A00F20207B7F0079667F /* NSString+Date.m in Sources */ = {isa = PBXBuildFile; fileRef = FEA6A00E20207B7F0079667F /* NSString+Date.m */; };
		FEB59FAF202936290003676D /* ImgLeftTableViewCell.m in Sources */ = {isa = PBXBuildFile; fileRef = FEB59FAD202936290003676D /* ImgLeftTableViewCell.m */; };
		FEB59FB0202936290003676D /* ImgLeftTableViewCell.xib in Resources */ = {isa = PBXBuildFile; fileRef = FEB59FAE202936290003676D /* ImgLeftTableViewCell.xib */; };
		FEB59FB8202950AF0003676D /* ImgBottomTableViewCell.m in Sources */ = {isa = PBXBuildFile; fileRef = FEB59FB6202950AF0003676D /* ImgBottomTableViewCell.m */; };
		FEB59FB9202950AF0003676D /* ImgBottomTableViewCell.xib in Resources */ = {isa = PBXBuildFile; fileRef = FEB59FB7202950AF0003676D /* ImgBottomTableViewCell.xib */; };
		FEB59FBC202952960003676D /* TWTableViewCell.m in Sources */ = {isa = PBXBuildFile; fileRef = FEB59FBB202952960003676D /* TWTableViewCell.m */; };
		FEB59FC020295E5A0003676D /* ImgBottomOneTableViewCell.m in Sources */ = {isa = PBXBuildFile; fileRef = FEB59FBE20295E5A0003676D /* ImgBottomOneTableViewCell.m */; };
		FEB59FC120295E5A0003676D /* ImgBottomOneTableViewCell.xib in Resources */ = {isa = PBXBuildFile; fileRef = FEB59FBF20295E5A0003676D /* ImgBottomOneTableViewCell.xib */; };
		FEB59FC5202980740003676D /* TitleModel.m in Sources */ = {isa = PBXBuildFile; fileRef = FEB59FC4202980740003676D /* TitleModel.m */; };
		FEB59FC8202988840003676D /* UIViewController+addA.m in Sources */ = {isa = PBXBuildFile; fileRef = FEB59FC7202988840003676D /* UIViewController+addA.m */; };
		FEB59FCA20298F3A0003676D /* README.md in Resources */ = {isa = PBXBuildFile; fileRef = FEB59FC920298F3A0003676D /* README.md */; };
		FEB59FCC20298F510003676D /* JRTT.gif in Resources */ = {isa = PBXBuildFile; fileRef = FEB59FCB20298F510003676D /* JRTT.gif */; };
		FEB59FD020299B880003676D /* SmallVideoViewController.m in Sources */ = {isa = PBXBuildFile; fileRef = FEB59FCF20299B880003676D /* SmallVideoViewController.m */; };
		FEB59FD320299BAB0003676D /* BaseChirldViewController.m in Sources */ = {isa = PBXBuildFile; fileRef = FEB59FD220299BAB0003676D /* BaseChirldViewController.m */; };
		FEB59FD920299ED10003676D /* SmalVideoCollectionViewCell.m in Sources */ = {isa = PBXBuildFile; fileRef = FEB59FD720299ED10003676D /* SmalVideoCollectionViewCell.m */; };
		FEB59FDA20299ED10003676D /* SmalVideoCollectionViewCell.xib in Resources */ = {isa = PBXBuildFile; fileRef = FEB59FD820299ED10003676D /* SmalVideoCollectionViewCell.xib */; };
		FEB59FDD2029A1E00003676D /* SmallVideoViewModel.m in Sources */ = {isa = PBXBuildFile; fileRef = FEB59FDC2029A1E00003676D /* SmallVideoViewModel.m */; };
		FEB59FE22029A23B0003676D /* BaseCollectionViewModel.m in Sources */ = {isa = PBXBuildFile; fileRef = FEB59FE12029A23B0003676D /* BaseCollectionViewModel.m */; };
		FEB59FE42029B8330003676D /* AVKit.framework in Frameworks */ = {isa = PBXBuildFile; fileRef = FEB59FE32029B8330003676D /* AVKit.framework */; };
		FEB59FE62029B8480003676D /* AVFoundation.framework in Frameworks */ = {isa = PBXBuildFile; fileRef = FEB59FE52029B8480003676D /* AVFoundation.framework */; };
		FED45C47202D28CB004670B1 /* ZhiBoTableViewCell.m in Sources */ = {isa = PBXBuildFile; fileRef = FED45C45202D28CB004670B1 /* ZhiBoTableViewCell.m */; };
		FED45C48202D28CB004670B1 /* ZhiBoTableViewCell.xib in Resources */ = {isa = PBXBuildFile; fileRef = FED45C46202D28CB004670B1 /* ZhiBoTableViewCell.xib */; };
		FED45C4C202D8EDC004670B1 /* DetailZBViewController.m in Sources */ = {isa = PBXBuildFile; fileRef = FED45C4B202D8EDC004670B1 /* DetailZBViewController.m */; };
		FED70A28202A906C005D567A /* PlaybackView.m in Sources */ = {isa = PBXBuildFile; fileRef = FED70A27202A906C005D567A /* PlaybackView.m */; };
		FED70A2A202A907C005D567A /* PlaybackView.xib in Resources */ = {isa = PBXBuildFile; fileRef = FED70A29202A907C005D567A /* PlaybackView.xib */; };
		FED70A2F202A97A3005D567A /* PlayBackCollectionViewCell.m in Sources */ = {isa = PBXBuildFile; fileRef = FED70A2D202A97A3005D567A /* PlayBackCollectionViewCell.m */; };
		FED70A30202A97A3005D567A /* PlayBackCollectionViewCell.xib in Resources */ = {isa = PBXBuildFile; fileRef = FED70A2E202A97A3005D567A /* PlayBackCollectionViewCell.xib */; };
		FED70A34202A99BF005D567A /* PlayBackViewModel.m in Sources */ = {isa = PBXBuildFile; fileRef = FED70A33202A99BF005D567A /* PlayBackViewModel.m */; };
		FEE204C1201AC8D900E25B61 /* AppDelegate.m in Sources */ = {isa = PBXBuildFile; fileRef = FEE204C0201AC8D900E25B61 /* AppDelegate.m */; };
		FEE204C7201AC8D900E25B61 /* Main.storyboard in Resources */ = {isa = PBXBuildFile; fileRef = FEE204C5201AC8D900E25B61 /* Main.storyboard */; };
		FEE204C9201AC8D900E25B61 /* Assets.xcassets in Resources */ = {isa = PBXBuildFile; fileRef = FEE204C8201AC8D900E25B61 /* Assets.xcassets */; };
		FEE204CC201AC8D900E25B61 /* LaunchScreen.storyboard in Resources */ = {isa = PBXBuildFile; fileRef = FEE204CA201AC8D900E25B61 /* LaunchScreen.storyboard */; };
		FEE204CF201AC8D900E25B61 /* main.m in Sources */ = {isa = PBXBuildFile; fileRef = FEE204CE201AC8D900E25B61 /* main.m */; };
		FEE204D9201AC8D900E25B61 /* JRTTDemoTests.m in Sources */ = {isa = PBXBuildFile; fileRef = FEE204D8201AC8D900E25B61 /* JRTTDemoTests.m */; };
		FEE204E4201AC8D900E25B61 /* JRTTDemoUITests.m in Sources */ = {isa = PBXBuildFile; fileRef = FEE204E3201AC8D900E25B61 /* JRTTDemoUITests.m */; };
		FEE204F6201ACC0800E25B61 /* HomeMenuView.m in Sources */ = {isa = PBXBuildFile; fileRef = FEE204F5201ACC0800E25B61 /* HomeMenuView.m */; };
		FEE204F8201ACC1400E25B61 /* HomeMenuView.xib in Resources */ = {isa = PBXBuildFile; fileRef = FEE204F7201ACC1400E25B61 /* HomeMenuView.xib */; };
/* End PBXBuildFile section */

/* Begin PBXContainerItemProxy section */
		FEE204D5201AC8D900E25B61 /* PBXContainerItemProxy */ = {
			isa = PBXContainerItemProxy;
			containerPortal = FEE204B4201AC8D900E25B61 /* Project object */;
			proxyType = 1;
			remoteGlobalIDString = FEE204BB201AC8D900E25B61;
			remoteInfo = JRTTDemo;
		};
		FEE204E0201AC8D900E25B61 /* PBXContainerItemProxy */ = {
			isa = PBXContainerItemProxy;
			containerPortal = FEE204B4201AC8D900E25B61 /* Project object */;
			proxyType = 1;
			remoteGlobalIDString = FEE204BB201AC8D900E25B61;
			remoteInfo = JRTTDemo;
		};
/* End PBXContainerItemProxy section */

/* Begin PBXFileReference section */
		185658AB74A4005916F37DDE /* Pods-JRTTDemo.debug.xcconfig */ = {isa = PBXFileReference; includeInIndex = 1; lastKnownFileType = text.xcconfig; name = "Pods-JRTTDemo.debug.xcconfig"; path = "Pods/Target Support Files/Pods-JRTTDemo/Pods-JRTTDemo.debug.xcconfig"; sourceTree = "<group>"; };
		A1F97B3F299A2789E3B86AF6 /* libPods-JRTTDemo.a */ = {isa = PBXFileReference; explicitFileType = archive.ar; includeInIndex = 0; path = "libPods-JRTTDemo.a"; sourceTree = BUILT_PRODUCTS_DIR; };
		BCA3D332D1552F11D50DDF26 /* Pods-JRTTDemo.release.xcconfig */ = {isa = PBXFileReference; includeInIndex = 1; lastKnownFileType = text.xcconfig; name = "Pods-JRTTDemo.release.xcconfig"; path = "Pods/Target Support Files/Pods-JRTTDemo/Pods-JRTTDemo.release.xcconfig"; sourceTree = "<group>"; };
		FE20BCFB201AD2A300BA07C8 /* CollectionViewModel.h */ = {isa = PBXFileReference; lastKnownFileType = sourcecode.c.h; path = CollectionViewModel.h; sourceTree = "<group>"; };
		FE20BCFC201AD2A300BA07C8 /* CollectionViewModel.m */ = {isa = PBXFileReference; lastKnownFileType = sourcecode.c.objc; path = CollectionViewModel.m; sourceTree = "<group>"; };
		FE20BCFE201AD66B00BA07C8 /* HomeMenuCollectionViewCell.h */ = {isa = PBXFileReference; lastKnownFileType = sourcecode.c.h; path = HomeMenuCollectionViewCell.h; sourceTree = "<group>"; };
		FE20BCFF201AD66B00BA07C8 /* HomeMenuCollectionViewCell.m */ = {isa = PBXFileReference; lastKnownFileType = sourcecode.c.objc; path = HomeMenuCollectionViewCell.m; sourceTree = "<group>"; };
		FE20BD00201AD66B00BA07C8 /* HomeMenuCollectionViewCell.xib */ = {isa = PBXFileReference; lastKnownFileType = file.xib; path = HomeMenuCollectionViewCell.xib; sourceTree = "<group>"; };
		FE20BD03201AD77700BA07C8 /* ReactiveView.h */ = {isa = PBXFileReference; lastKnownFileType = sourcecode.c.h; path = ReactiveView.h; sourceTree = "<group>"; };
		FE20BD05201AE9EB00BA07C8 /* CDViewController.h */ = {isa = PBXFileReference; lastKnownFileType = sourcecode.c.h; path = CDViewController.h; sourceTree = "<group>"; };
		FE20BD06201AE9EB00BA07C8 /* CDViewController.m */ = {isa = PBXFileReference; lastKnownFileType = sourcecode.c.objc; path = CDViewController.m; sourceTree = "<group>"; };
		FE20BD0A201B000B00BA07C8 /* MarcHeader.h */ = {isa = PBXFileReference; lastKnownFileType = sourcecode.c.h; path = MarcHeader.h; sourceTree = "<group>"; };
		FE4D2030201F004000FBD21D /* HomeViewController.h */ = {isa = PBXFileReference; lastKnownFileType = sourcecode.c.h; path = HomeViewController.h; sourceTree = "<group>"; };
		FE4D2031201F004000FBD21D /* HomeViewController.m */ = {isa = PBXFileReference; lastKnownFileType = sourcecode.c.objc; path = HomeViewController.m; sourceTree = "<group>"; };
		FE679E772043B26900667A75 /* WeiTouTiaoViewController.h */ = {isa = PBXFileReference; lastKnownFileType = sourcecode.c.h; path = WeiTouTiaoViewController.h; sourceTree = "<group>"; };
		FE679E782043B26900667A75 /* WeiTouTiaoViewController.m */ = {isa = PBXFileReference; lastKnownFileType = sourcecode.c.objc; path = WeiTouTiaoViewController.m; sourceTree = "<group>"; };
		FE679E7B2043B2ED00667A75 /* SSHomeTopView.h */ = {isa = PBXFileReference; lastKnownFileType = sourcecode.c.h; path = SSHomeTopView.h; sourceTree = "<group>"; };
		FE679E7C2043B2ED00667A75 /* SSHomeTopView.m */ = {isa = PBXFileReference; lastKnownFileType = sourcecode.c.objc; path = SSHomeTopView.m; sourceTree = "<group>"; };
		FE679E7E2043B5FE00667A75 /* AAACollectionViewCell.h */ = {isa = PBXFileReference; lastKnownFileType = sourcecode.c.h; path = AAACollectionViewCell.h; sourceTree = "<group>"; };
		FE679E7F2043B5FE00667A75 /* AAACollectionViewCell.m */ = {isa = PBXFileReference; lastKnownFileType = sourcecode.c.objc; path = AAACollectionViewCell.m; sourceTree = "<group>"; };
		FE679E802043B5FE00667A75 /* AAACollectionViewCell.xib */ = {isa = PBXFileReference; lastKnownFileType = file.xib; path = AAACollectionViewCell.xib; sourceTree = "<group>"; };
		FE75C7EA202809CB003C7D68 /* ContentModel.h */ = {isa = PBXFileReference; lastKnownFileType = sourcecode.c.h; path = ContentModel.h; sourceTree = "<group>"; };
		FE75C7EB202809CB003C7D68 /* ContentModel.m */ = {isa = PBXFileReference; lastKnownFileType = sourcecode.c.objc; path = ContentModel.m; sourceTree = "<group>"; };
		FE75C7ED20280D5B003C7D68 /* DataModel.h */ = {isa = PBXFileReference; lastKnownFileType = sourcecode.c.h; path = DataModel.h; sourceTree = "<group>"; };
		FE75C7EE20280D5B003C7D68 /* DataModel.m */ = {isa = PBXFileReference; lastKnownFileType = sourcecode.c.objc; path = DataModel.m; sourceTree = "<group>"; };
		FE75C7F62028457E003C7D68 /* HttpHelper.h */ = {isa = PBXFileReference; lastKnownFileType = sourcecode.c.h; path = HttpHelper.h; sourceTree = "<group>"; };
		FE75C7F72028457E003C7D68 /* HttpHelper.m */ = {isa = PBXFileReference; lastKnownFileType = sourcecode.c.objc; path = HttpHelper.m; sourceTree = "<group>"; };
		FEA3572E201EBA2C009BDA4E /* JRTTabBarItem.h */ = {isa = PBXFileReference; lastKnownFileType = sourcecode.c.h; path = JRTTabBarItem.h; sourceTree = "<group>"; };
		FEA3572F201EBA2C009BDA4E /* JRTTabBarItem.m */ = {isa = PBXFileReference; lastKnownFileType = sourcecode.c.objc; path = JRTTabBarItem.m; sourceTree = "<group>"; };
		FEA6A00D20207B7F0079667F /* NSString+Date.h */ = {isa = PBXFileReference; lastKnownFileType = sourcecode.c.h; path = "NSString+Date.h"; sourceTree = "<group>"; };
		FEA6A00E20207B7F0079667F /* NSString+Date.m */ = {isa = PBXFileReference; lastKnownFileType = sourcecode.c.objc; path = "NSString+Date.m"; sourceTree = "<group>"; };
		FEB59FAC202936290003676D /* ImgLeftTableViewCell.h */ = {isa = PBXFileReference; lastKnownFileType = sourcecode.c.h; path = ImgLeftTableViewCell.h; sourceTree = "<group>"; };
		FEB59FAD202936290003676D /* ImgLeftTableViewCell.m */ = {isa = PBXFileReference; lastKnownFileType = sourcecode.c.objc; path = ImgLeftTableViewCell.m; sourceTree = "<group>"; };
		FEB59FAE202936290003676D /* ImgLeftTableViewCell.xib */ = {isa = PBXFileReference; lastKnownFileType = file.xib; path = ImgLeftTableViewCell.xib; sourceTree = "<group>"; };
		FEB59FB5202950AF0003676D /* ImgBottomTableViewCell.h */ = {isa = PBXFileReference; lastKnownFileType = sourcecode.c.h; path = ImgBottomTableViewCell.h; sourceTree = "<group>"; };
		FEB59FB6202950AF0003676D /* ImgBottomTableViewCell.m */ = {isa = PBXFileReference; lastKnownFileType = sourcecode.c.objc; path = ImgBottomTableViewCell.m; sourceTree = "<group>"; };
		FEB59FB7202950AF0003676D /* ImgBottomTableViewCell.xib */ = {isa = PBXFileReference; lastKnownFileType = file.xib; path = ImgBottomTableViewCell.xib; sourceTree = "<group>"; };
		FEB59FBA202952960003676D /* TWTableViewCell.h */ = {isa = PBXFileReference; lastKnownFileType = sourcecode.c.h; path = TWTableViewCell.h; sourceTree = "<group>"; };
		FEB59FBB202952960003676D /* TWTableViewCell.m */ = {isa = PBXFileReference; lastKnownFileType = sourcecode.c.objc; path = TWTableViewCell.m; sourceTree = "<group>"; };
		FEB59FBD20295E5A0003676D /* ImgBottomOneTableViewCell.h */ = {isa = PBXFileReference; lastKnownFileType = sourcecode.c.h; path = ImgBottomOneTableViewCell.h; sourceTree = "<group>"; };
		FEB59FBE20295E5A0003676D /* ImgBottomOneTableViewCell.m */ = {isa = PBXFileReference; lastKnownFileType = sourcecode.c.objc; path = ImgBottomOneTableViewCell.m; sourceTree = "<group>"; };
		FEB59FBF20295E5A0003676D /* ImgBottomOneTableViewCell.xib */ = {isa = PBXFileReference; lastKnownFileType = file.xib; path = ImgBottomOneTableViewCell.xib; sourceTree = "<group>"; };
		FEB59FC3202980740003676D /* TitleModel.h */ = {isa = PBXFileReference; lastKnownFileType = sourcecode.c.h; path = TitleModel.h; sourceTree = "<group>"; };
		FEB59FC4202980740003676D /* TitleModel.m */ = {isa = PBXFileReference; lastKnownFileType = sourcecode.c.objc; path = TitleModel.m; sourceTree = "<group>"; };
		FEB59FC6202988840003676D /* UIViewController+addA.h */ = {isa = PBXFileReference; lastKnownFileType = sourcecode.c.h; path = "UIViewController+addA.h"; sourceTree = "<group>"; };
		FEB59FC7202988840003676D /* UIViewController+addA.m */ = {isa = PBXFileReference; lastKnownFileType = sourcecode.c.objc; path = "UIViewController+addA.m"; sourceTree = "<group>"; };
		FEB59FC920298F3A0003676D /* README.md */ = {isa = PBXFileReference; fileEncoding = 4; lastKnownFileType = net.daringfireball.markdown; path = README.md; sourceTree = "<group>"; };
		FEB59FCB20298F510003676D /* JRTT.gif */ = {isa = PBXFileReference; lastKnownFileType = image.gif; path = JRTT.gif; sourceTree = "<group>"; };
		FEB59FCE20299B880003676D /* SmallVideoViewController.h */ = {isa = PBXFileReference; lastKnownFileType = sourcecode.c.h; path = SmallVideoViewController.h; sourceTree = "<group>"; };
		FEB59FCF20299B880003676D /* SmallVideoViewController.m */ = {isa = PBXFileReference; lastKnownFileType = sourcecode.c.objc; path = SmallVideoViewController.m; sourceTree = "<group>"; };
		FEB59FD120299BAB0003676D /* BaseChirldViewController.h */ = {isa = PBXFileReference; lastKnownFileType = sourcecode.c.h; path = BaseChirldViewController.h; sourceTree = "<group>"; };
		FEB59FD220299BAB0003676D /* BaseChirldViewController.m */ = {isa = PBXFileReference; lastKnownFileType = sourcecode.c.objc; path = BaseChirldViewController.m; sourceTree = "<group>"; };
		FEB59FD620299ED10003676D /* SmalVideoCollectionViewCell.h */ = {isa = PBXFileReference; lastKnownFileType = sourcecode.c.h; path = SmalVideoCollectionViewCell.h; sourceTree = "<group>"; };
		FEB59FD720299ED10003676D /* SmalVideoCollectionViewCell.m */ = {isa = PBXFileReference; lastKnownFileType = sourcecode.c.objc; path = SmalVideoCollectionViewCell.m; sourceTree = "<group>"; };
		FEB59FD820299ED10003676D /* SmalVideoCollectionViewCell.xib */ = {isa = PBXFileReference; lastKnownFileType = file.xib; path = SmalVideoCollectionViewCell.xib; sourceTree = "<group>"; };
		FEB59FDB2029A1E00003676D /* SmallVideoViewModel.h */ = {isa = PBXFileReference; lastKnownFileType = sourcecode.c.h; path = SmallVideoViewModel.h; sourceTree = "<group>"; };
		FEB59FDC2029A1E00003676D /* SmallVideoViewModel.m */ = {isa = PBXFileReference; lastKnownFileType = sourcecode.c.objc; path = SmallVideoViewModel.m; sourceTree = "<group>"; };
		FEB59FE02029A23B0003676D /* BaseCollectionViewModel.h */ = {isa = PBXFileReference; lastKnownFileType = sourcecode.c.h; path = BaseCollectionViewModel.h; sourceTree = "<group>"; };
		FEB59FE12029A23B0003676D /* BaseCollectionViewModel.m */ = {isa = PBXFileReference; lastKnownFileType = sourcecode.c.objc; path = BaseCollectionViewModel.m; sourceTree = "<group>"; };
		FEB59FE32029B8330003676D /* AVKit.framework */ = {isa = PBXFileReference; lastKnownFileType = wrapper.framework; name = AVKit.framework; path = System/Library/Frameworks/AVKit.framework; sourceTree = SDKROOT; };
		FEB59FE52029B8480003676D /* AVFoundation.framework */ = {isa = PBXFileReference; lastKnownFileType = wrapper.framework; name = AVFoundation.framework; path = System/Library/Frameworks/AVFoundation.framework; sourceTree = SDKROOT; };
		FED45C44202D28CB004670B1 /* ZhiBoTableViewCell.h */ = {isa = PBXFileReference; lastKnownFileType = sourcecode.c.h; path = ZhiBoTableViewCell.h; sourceTree = "<group>"; };
		FED45C45202D28CB004670B1 /* ZhiBoTableViewCell.m */ = {isa = PBXFileReference; lastKnownFileType = sourcecode.c.objc; path = ZhiBoTableViewCell.m; sourceTree = "<group>"; };
		FED45C46202D28CB004670B1 /* ZhiBoTableViewCell.xib */ = {isa = PBXFileReference; lastKnownFileType = file.xib; path = ZhiBoTableViewCell.xib; sourceTree = "<group>"; };
		FED45C4A202D8EDC004670B1 /* DetailZBViewController.h */ = {isa = PBXFileReference; lastKnownFileType = sourcecode.c.h; path = DetailZBViewController.h; sourceTree = "<group>"; };
		FED45C4B202D8EDC004670B1 /* DetailZBViewController.m */ = {isa = PBXFileReference; lastKnownFileType = sourcecode.c.objc; path = DetailZBViewController.m; sourceTree = "<group>"; };
		FED70A26202A906C005D567A /* PlaybackView.h */ = {isa = PBXFileReference; lastKnownFileType = sourcecode.c.h; path = PlaybackView.h; sourceTree = "<group>"; };
		FED70A27202A906C005D567A /* PlaybackView.m */ = {isa = PBXFileReference; lastKnownFileType = sourcecode.c.objc; path = PlaybackView.m; sourceTree = "<group>"; };
		FED70A29202A907C005D567A /* PlaybackView.xib */ = {isa = PBXFileReference; lastKnownFileType = file.xib; path = PlaybackView.xib; sourceTree = "<group>"; };
		FED70A2C202A97A3005D567A /* PlayBackCollectionViewCell.h */ = {isa = PBXFileReference; lastKnownFileType = sourcecode.c.h; path = PlayBackCollectionViewCell.h; sourceTree = "<group>"; };
		FED70A2D202A97A3005D567A /* PlayBackCollectionViewCell.m */ = {isa = PBXFileReference; lastKnownFileType = sourcecode.c.objc; path = PlayBackCollectionViewCell.m; sourceTree = "<group>"; };
		FED70A2E202A97A3005D567A /* PlayBackCollectionViewCell.xib */ = {isa = PBXFileReference; lastKnownFileType = file.xib; path = PlayBackCollectionViewCell.xib; sourceTree = "<group>"; };
		FED70A32202A99BF005D567A /* PlayBackViewModel.h */ = {isa = PBXFileReference; lastKnownFileType = sourcecode.c.h; path = PlayBackViewModel.h; sourceTree = "<group>"; };
		FED70A33202A99BF005D567A /* PlayBackViewModel.m */ = {isa = PBXFileReference; lastKnownFileType = sourcecode.c.objc; path = PlayBackViewModel.m; sourceTree = "<group>"; };
		FEE204BC201AC8D900E25B61 /* JRTTDemo.app */ = {isa = PBXFileReference; explicitFileType = wrapper.application; includeInIndex = 0; path = JRTTDemo.app; sourceTree = BUILT_PRODUCTS_DIR; };
		FEE204BF201AC8D900E25B61 /* AppDelegate.h */ = {isa = PBXFileReference; lastKnownFileType = sourcecode.c.h; path = AppDelegate.h; sourceTree = "<group>"; };
		FEE204C0201AC8D900E25B61 /* AppDelegate.m */ = {isa = PBXFileReference; lastKnownFileType = sourcecode.c.objc; path = AppDelegate.m; sourceTree = "<group>"; };
		FEE204C6201AC8D900E25B61 /* Base */ = {isa = PBXFileReference; lastKnownFileType = file.storyboard; name = Base; path = Base.lproj/Main.storyboard; sourceTree = "<group>"; };
		FEE204C8201AC8D900E25B61 /* Assets.xcassets */ = {isa = PBXFileReference; lastKnownFileType = folder.assetcatalog; path = Assets.xcassets; sourceTree = "<group>"; };
		FEE204CB201AC8D900E25B61 /* Base */ = {isa = PBXFileReference; lastKnownFileType = file.storyboard; name = Base; path = Base.lproj/LaunchScreen.storyboard; sourceTree = "<group>"; };
		FEE204CD201AC8D900E25B61 /* Info.plist */ = {isa = PBXFileReference; lastKnownFileType = text.plist.xml; path = Info.plist; sourceTree = "<group>"; };
		FEE204CE201AC8D900E25B61 /* main.m */ = {isa = PBXFileReference; lastKnownFileType = sourcecode.c.objc; path = main.m; sourceTree = "<group>"; };
		FEE204D4201AC8D900E25B61 /* JRTTDemoTests.xctest */ = {isa = PBXFileReference; explicitFileType = wrapper.cfbundle; includeInIndex = 0; path = JRTTDemoTests.xctest; sourceTree = BUILT_PRODUCTS_DIR; };
		FEE204D8201AC8D900E25B61 /* JRTTDemoTests.m */ = {isa = PBXFileReference; lastKnownFileType = sourcecode.c.objc; path = JRTTDemoTests.m; sourceTree = "<group>"; };
		FEE204DA201AC8D900E25B61 /* Info.plist */ = {isa = PBXFileReference; lastKnownFileType = text.plist.xml; path = Info.plist; sourceTree = "<group>"; };
		FEE204DF201AC8D900E25B61 /* JRTTDemoUITests.xctest */ = {isa = PBXFileReference; explicitFileType = wrapper.cfbundle; includeInIndex = 0; path = JRTTDemoUITests.xctest; sourceTree = BUILT_PRODUCTS_DIR; };
		FEE204E3201AC8D900E25B61 /* JRTTDemoUITests.m */ = {isa = PBXFileReference; lastKnownFileType = sourcecode.c.objc; path = JRTTDemoUITests.m; sourceTree = "<group>"; };
		FEE204E5201AC8D900E25B61 /* Info.plist */ = {isa = PBXFileReference; lastKnownFileType = text.plist.xml; path = Info.plist; sourceTree = "<group>"; };
		FEE204F4201ACC0800E25B61 /* HomeMenuView.h */ = {isa = PBXFileReference; lastKnownFileType = sourcecode.c.h; path = HomeMenuView.h; sourceTree = "<group>"; };
		FEE204F5201ACC0800E25B61 /* HomeMenuView.m */ = {isa = PBXFileReference; lastKnownFileType = sourcecode.c.objc; path = HomeMenuView.m; sourceTree = "<group>"; };
		FEE204F7201ACC1400E25B61 /* HomeMenuView.xib */ = {isa = PBXFileReference; lastKnownFileType = file.xib; path = HomeMenuView.xib; sourceTree = "<group>"; };
		FEE204FA201ACFAC00E25B61 /* PrefixHeader.pch */ = {isa = PBXFileReference; lastKnownFileType = sourcecode.c.h; path = PrefixHeader.pch; sourceTree = "<group>"; };
/* End PBXFileReference section */

/* Begin PBXFrameworksBuildPhase section */
		FEE204B9201AC8D900E25B61 /* Frameworks */ = {
			isa = PBXFrameworksBuildPhase;
			buildActionMask = 2147483647;
			files = (
				FEB59FE62029B8480003676D /* AVFoundation.framework in Frameworks */,
				FEB59FE42029B8330003676D /* AVKit.framework in Frameworks */,
				B8DABD8D00B5F5DDC49853A3 /* libPods-JRTTDemo.a in Frameworks */,
			);
			runOnlyForDeploymentPostprocessing = 0;
		};
		FEE204D1201AC8D900E25B61 /* Frameworks */ = {
			isa = PBXFrameworksBuildPhase;
			buildActionMask = 2147483647;
			files = (
			);
			runOnlyForDeploymentPostprocessing = 0;
		};
		FEE204DC201AC8D900E25B61 /* Frameworks */ = {
			isa = PBXFrameworksBuildPhase;
			buildActionMask = 2147483647;
			files = (
			);
			runOnlyForDeploymentPostprocessing = 0;
		};
/* End PBXFrameworksBuildPhase section */

/* Begin PBXGroup section */
		09EF9C9E96B8905DA19B4E0B /* Pods */ = {
			isa = PBXGroup;
			children = (
				185658AB74A4005916F37DDE /* Pods-JRTTDemo.debug.xcconfig */,
				BCA3D332D1552F11D50DDF26 /* Pods-JRTTDemo.release.xcconfig */,
			);
			name = Pods;
			sourceTree = "<group>";
		};
		5212A8E45DC9436A08E6C6EA /* Frameworks */ = {
			isa = PBXGroup;
			children = (
				FEB59FE52029B8480003676D /* AVFoundation.framework */,
				FEB59FE32029B8330003676D /* AVKit.framework */,
				A1F97B3F299A2789E3B86AF6 /* libPods-JRTTDemo.a */,
			);
			name = Frameworks;
			sourceTree = "<group>";
		};
		FE20BD04201AE98200BA07C8 /* ChilderVC */ = {
			isa = PBXGroup;
			children = (
				FEB59FCD20299B200003676D /* vc */,
				FEB59FB120293BFA0003676D /* ViewModel */,
				FE4D203C201F0C0000FBD21D /* View */,
				FE4D2038201F0B6200FBD21D /* model */,
			);
			path = ChilderVC;
			sourceTree = "<group>";
		};
		FE20BD08201AFFAF00BA07C8 /* Marc */ = {
			isa = PBXGroup;
			children = (
				FE20BD0A201B000B00BA07C8 /* MarcHeader.h */,
			);
			path = Marc;
			sourceTree = "<group>";
		};
		FE4D202F201F002400FBD21D /* Class */ = {
			isa = PBXGroup;
			children = (
				FE679E762043B23E00667A75 /* TouTiao */,
				FED45C49202D8EB4004670B1 /* DetailVC */,
				FEB59FDE2029A2200003676D /* Base */,
				FE4D2033201F009100FBD21D /* Home */,
			);
			path = Class;
			sourceTree = "<group>";
		};
		FE4D2033201F009100FBD21D /* Home */ = {
			isa = PBXGroup;
			children = (
				FEB59FC22029805E0003676D /* Model */,
				FE20BD04201AE98200BA07C8 /* ChilderVC */,
				FEE204F3201ACBD500E25B61 /* view */,
				FE4D2030201F004000FBD21D /* HomeViewController.h */,
				FE4D2031201F004000FBD21D /* HomeViewController.m */,
			);
			path = Home;
			sourceTree = "<group>";
		};
		FE4D2038201F0B6200FBD21D /* model */ = {
			isa = PBXGroup;
			children = (
				FE75C7EA202809CB003C7D68 /* ContentModel.h */,
				FE75C7EB202809CB003C7D68 /* ContentModel.m */,
				FE75C7ED20280D5B003C7D68 /* DataModel.h */,
				FE75C7EE20280D5B003C7D68 /* DataModel.m */,
			);
			path = model;
			sourceTree = "<group>";
		};
		FE4D203C201F0C0000FBD21D /* View */ = {
			isa = PBXGroup;
			children = (
				FEB59FD520299EAD0003676D /* CollectionCell */,
				FEB59FD420299E6A0003676D /* tableCell */,
			);
			path = View;
			sourceTree = "<group>";
		};
		FE679E762043B23E00667A75 /* TouTiao */ = {
			isa = PBXGroup;
			children = (
				FE679E7A2043B2BA00667A75 /* TopView */,
				FE679E772043B26900667A75 /* WeiTouTiaoViewController.h */,
				FE679E782043B26900667A75 /* WeiTouTiaoViewController.m */,
			);
			path = TouTiao;
			sourceTree = "<group>";
		};
		FE679E7A2043B2BA00667A75 /* TopView */ = {
			isa = PBXGroup;
			children = (
				FE679E7B2043B2ED00667A75 /* SSHomeTopView.h */,
				FE679E7C2043B2ED00667A75 /* SSHomeTopView.m */,
				FE679E7E2043B5FE00667A75 /* AAACollectionViewCell.h */,
				FE679E7F2043B5FE00667A75 /* AAACollectionViewCell.m */,
				FE679E802043B5FE00667A75 /* AAACollectionViewCell.xib */,
			);
			path = TopView;
			sourceTree = "<group>";
		};
		FE75C7F520284557003C7D68 /* NetWork */ = {
			isa = PBXGroup;
			children = (
				FE75C7F62028457E003C7D68 /* HttpHelper.h */,
				FE75C7F72028457E003C7D68 /* HttpHelper.m */,
			);
			path = NetWork;
			sourceTree = "<group>";
		};
		FEA3572D201EB526009BDA4E /* Tool */ = {
			isa = PBXGroup;
			children = (
				FEA3572E201EBA2C009BDA4E /* JRTTabBarItem.h */,
				FEA3572F201EBA2C009BDA4E /* JRTTabBarItem.m */,
				FEA6A00D20207B7F0079667F /* NSString+Date.h */,
				FEA6A00E20207B7F0079667F /* NSString+Date.m */,
				FEB59FC6202988840003676D /* UIViewController+addA.h */,
				FEB59FC7202988840003676D /* UIViewController+addA.m */,
			);
			path = Tool;
			sourceTree = "<group>";
		};
		FEB59FB120293BFA0003676D /* ViewModel */ = {
			isa = PBXGroup;
			children = (
				FEB59FDB2029A1E00003676D /* SmallVideoViewModel.h */,
				FEB59FDC2029A1E00003676D /* SmallVideoViewModel.m */,
			);
			path = ViewModel;
			sourceTree = "<group>";
		};
		FEB59FC22029805E0003676D /* Model */ = {
			isa = PBXGroup;
			children = (
				FEB59FC3202980740003676D /* TitleModel.h */,
				FEB59FC4202980740003676D /* TitleModel.m */,
			);
			path = Model;
			sourceTree = "<group>";
		};
		FEB59FCD20299B200003676D /* vc */ = {
			isa = PBXGroup;
			children = (
				FE20BD05201AE9EB00BA07C8 /* CDViewController.h */,
				FE20BD06201AE9EB00BA07C8 /* CDViewController.m */,
				FEB59FCE20299B880003676D /* SmallVideoViewController.h */,
				FEB59FCF20299B880003676D /* SmallVideoViewController.m */,
				FEB59FD120299BAB0003676D /* BaseChirldViewController.h */,
				FEB59FD220299BAB0003676D /* BaseChirldViewController.m */,
			);
			path = vc;
			sourceTree = "<group>";
		};
		FEB59FD420299E6A0003676D /* tableCell */ = {
			isa = PBXGroup;
			children = (
				FEB59FBA202952960003676D /* TWTableViewCell.h */,
				FEB59FBB202952960003676D /* TWTableViewCell.m */,
				FEB59FAC202936290003676D /* ImgLeftTableViewCell.h */,
				FEB59FAD202936290003676D /* ImgLeftTableViewCell.m */,
				FEB59FAE202936290003676D /* ImgLeftTableViewCell.xib */,
				FEB59FB5202950AF0003676D /* ImgBottomTableViewCell.h */,
				FEB59FB6202950AF0003676D /* ImgBottomTableViewCell.m */,
				FEB59FB7202950AF0003676D /* ImgBottomTableViewCell.xib */,
				FEB59FBD20295E5A0003676D /* ImgBottomOneTableViewCell.h */,
				FEB59FBE20295E5A0003676D /* ImgBottomOneTableViewCell.m */,
				FEB59FBF20295E5A0003676D /* ImgBottomOneTableViewCell.xib */,
				FED45C44202D28CB004670B1 /* ZhiBoTableViewCell.h */,
				FED45C45202D28CB004670B1 /* ZhiBoTableViewCell.m */,
				FED45C46202D28CB004670B1 /* ZhiBoTableViewCell.xib */,
			);
			path = tableCell;
			sourceTree = "<group>";
		};
		FEB59FD520299EAD0003676D /* CollectionCell */ = {
			isa = PBXGroup;
			children = (
				FEB59FD620299ED10003676D /* SmalVideoCollectionViewCell.h */,
				FEB59FD720299ED10003676D /* SmalVideoCollectionViewCell.m */,
				FEB59FD820299ED10003676D /* SmalVideoCollectionViewCell.xib */,
			);
			path = CollectionCell;
			sourceTree = "<group>";
		};
		FEB59FDE2029A2200003676D /* Base */ = {
			isa = PBXGroup;
			children = (
				FEB59FDF2029A2290003676D /* ViewModel */,
			);
			path = Base;
			sourceTree = "<group>";
		};
		FEB59FDF2029A2290003676D /* ViewModel */ = {
			isa = PBXGroup;
			children = (
				FE20BD03201AD77700BA07C8 /* ReactiveView.h */,
				FEB59FE02029A23B0003676D /* BaseCollectionViewModel.h */,
				FEB59FE12029A23B0003676D /* BaseCollectionViewModel.m */,
			);
			path = ViewModel;
			sourceTree = "<group>";
		};
		FED45C49202D8EB4004670B1 /* DetailVC */ = {
			isa = PBXGroup;
			children = (
				FED45C4A202D8EDC004670B1 /* DetailZBViewController.h */,
				FED45C4B202D8EDC004670B1 /* DetailZBViewController.m */,
			);
			path = DetailVC;
			sourceTree = "<group>";
		};
		FED70A25202A9015005D567A /* View */ = {
			isa = PBXGroup;
			children = (
				FED70A31202A99A8005D567A /* ViewModel */,
				FED70A2B202A9787005D567A /* cell */,
				FED70A26202A906C005D567A /* PlaybackView.h */,
				FED70A27202A906C005D567A /* PlaybackView.m */,
				FED70A29202A907C005D567A /* PlaybackView.xib */,
			);
			path = View;
			sourceTree = "<group>";
		};
		FED70A2B202A9787005D567A /* cell */ = {
			isa = PBXGroup;
			children = (
				FED70A2C202A97A3005D567A /* PlayBackCollectionViewCell.h */,
				FED70A2D202A97A3005D567A /* PlayBackCollectionViewCell.m */,
				FED70A2E202A97A3005D567A /* PlayBackCollectionViewCell.xib */,
			);
			path = cell;
			sourceTree = "<group>";
		};
		FED70A31202A99A8005D567A /* ViewModel */ = {
			isa = PBXGroup;
			children = (
				FED70A32202A99BF005D567A /* PlayBackViewModel.h */,
				FED70A33202A99BF005D567A /* PlayBackViewModel.m */,
			);
			path = ViewModel;
			sourceTree = "<group>";
		};
		FEE204B3201AC8D900E25B61 = {
			isa = PBXGroup;
			children = (
				FEB59FC920298F3A0003676D /* README.md */,
				FEB59FCB20298F510003676D /* JRTT.gif */,
				FEE204BE201AC8D900E25B61 /* JRTTDemo */,
				FEE204D7201AC8D900E25B61 /* JRTTDemoTests */,
				FEE204E2201AC8D900E25B61 /* JRTTDemoUITests */,
				FEE204BD201AC8D900E25B61 /* Products */,
				09EF9C9E96B8905DA19B4E0B /* Pods */,
				5212A8E45DC9436A08E6C6EA /* Frameworks */,
			);
			sourceTree = "<group>";
		};
		FEE204BD201AC8D900E25B61 /* Products */ = {
			isa = PBXGroup;
			children = (
				FEE204BC201AC8D900E25B61 /* JRTTDemo.app */,
				FEE204D4201AC8D900E25B61 /* JRTTDemoTests.xctest */,
				FEE204DF201AC8D900E25B61 /* JRTTDemoUITests.xctest */,
			);
			name = Products;
			sourceTree = "<group>";
		};
		FEE204BE201AC8D900E25B61 /* JRTTDemo */ = {
			isa = PBXGroup;
			children = (
				FE75C7F520284557003C7D68 /* NetWork */,
				FE4D202F201F002400FBD21D /* Class */,
				FEA3572D201EB526009BDA4E /* Tool */,
				FEE204F9201ACF8C00E25B61 /* file */,
				FE20BD08201AFFAF00BA07C8 /* Marc */,
				FEE204F1201AC9D900E25B61 /* Resource */,
				FEE204BF201AC8D900E25B61 /* AppDelegate.h */,
				FEE204C0201AC8D900E25B61 /* AppDelegate.m */,
				FEE204C5201AC8D900E25B61 /* Main.storyboard */,
				FEE204C8201AC8D900E25B61 /* Assets.xcassets */,
				FEE204CA201AC8D900E25B61 /* LaunchScreen.storyboard */,
			);
			path = JRTTDemo;
			sourceTree = "<group>";
		};
		FEE204D7201AC8D900E25B61 /* JRTTDemoTests */ = {
			isa = PBXGroup;
			children = (
				FEE204D8201AC8D900E25B61 /* JRTTDemoTests.m */,
				FEE204DA201AC8D900E25B61 /* Info.plist */,
			);
			path = JRTTDemoTests;
			sourceTree = "<group>";
		};
		FEE204E2201AC8D900E25B61 /* JRTTDemoUITests */ = {
			isa = PBXGroup;
			children = (
				FEE204E3201AC8D900E25B61 /* JRTTDemoUITests.m */,
				FEE204E5201AC8D900E25B61 /* Info.plist */,
			);
			path = JRTTDemoUITests;
			sourceTree = "<group>";
		};
		FEE204F1201AC9D900E25B61 /* Resource */ = {
			isa = PBXGroup;
			children = (
			);
			path = Resource;
			sourceTree = "<group>";
		};
		FEE204F3201ACBD500E25B61 /* view */ = {
			isa = PBXGroup;
			children = (
				FED70A25202A9015005D567A /* View */,
				FEE204FC201AD00F00E25B61 /* Cell */,
				FEE204FB201AD00800E25B61 /* ViewModel */,
				FEE204F4201ACC0800E25B61 /* HomeMenuView.h */,
				FEE204F5201ACC0800E25B61 /* HomeMenuView.m */,
				FEE204F7201ACC1400E25B61 /* HomeMenuView.xib */,
			);
			path = view;
			sourceTree = "<group>";
		};
		FEE204F9201ACF8C00E25B61 /* file */ = {
			isa = PBXGroup;
			children = (
				FEE204CD201AC8D900E25B61 /* Info.plist */,
				FEE204CE201AC8D900E25B61 /* main.m */,
				FEE204FA201ACFAC00E25B61 /* PrefixHeader.pch */,
			);
			name = file;
			sourceTree = "<group>";
		};
		FEE204FB201AD00800E25B61 /* ViewModel */ = {
			isa = PBXGroup;
			children = (
				FE20BCFB201AD2A300BA07C8 /* CollectionViewModel.h */,
				FE20BCFC201AD2A300BA07C8 /* CollectionViewModel.m */,
			);
			path = ViewModel;
			sourceTree = "<group>";
		};
		FEE204FC201AD00F00E25B61 /* Cell */ = {
			isa = PBXGroup;
			children = (
				FE20BCFE201AD66B00BA07C8 /* HomeMenuCollectionViewCell.h */,
				FE20BCFF201AD66B00BA07C8 /* HomeMenuCollectionViewCell.m */,
				FE20BD00201AD66B00BA07C8 /* HomeMenuCollectionViewCell.xib */,
			);
			path = Cell;
			sourceTree = "<group>";
		};
/* End PBXGroup section */

/* Begin PBXNativeTarget section */
		FEE204BB201AC8D900E25B61 /* JRTTDemo */ = {
			isa = PBXNativeTarget;
			buildConfigurationList = FEE204E8201AC8D900E25B61 /* Build configuration list for PBXNativeTarget "JRTTDemo" */;
			buildPhases = (
				EDFFE2AE146814495DF667B0 /* [CP] Check Pods Manifest.lock */,
				FEE204B8201AC8D900E25B61 /* Sources */,
				FEE204B9201AC8D900E25B61 /* Frameworks */,
				FEE204BA201AC8D900E25B61 /* Resources */,
				B3E0F1B754F3469DC482EAA8 /* [CP] Embed Pods Frameworks */,
				F7204F03C6111FBFE705DA64 /* [CP] Copy Pods Resources */,
			);
			buildRules = (
			);
			dependencies = (
			);
			name = JRTTDemo;
			productName = JRTTDemo;
			productReference = FEE204BC201AC8D900E25B61 /* JRTTDemo.app */;
			productType = "com.apple.product-type.application";
		};
		FEE204D3201AC8D900E25B61 /* JRTTDemoTests */ = {
			isa = PBXNativeTarget;
			buildConfigurationList = FEE204EB201AC8D900E25B61 /* Build configuration list for PBXNativeTarget "JRTTDemoTests" */;
			buildPhases = (
				FEE204D0201AC8D900E25B61 /* Sources */,
				FEE204D1201AC8D900E25B61 /* Frameworks */,
				FEE204D2201AC8D900E25B61 /* Resources */,
			);
			buildRules = (
			);
			dependencies = (
				FEE204D6201AC8D900E25B61 /* PBXTargetDependency */,
			);
			name = JRTTDemoTests;
			productName = JRTTDemoTests;
			productReference = FEE204D4201AC8D900E25B61 /* JRTTDemoTests.xctest */;
			productType = "com.apple.product-type.bundle.unit-test";
		};
		FEE204DE201AC8D900E25B61 /* JRTTDemoUITests */ = {
			isa = PBXNativeTarget;
			buildConfigurationList = FEE204EE201AC8D900E25B61 /* Build configuration list for PBXNativeTarget "JRTTDemoUITests" */;
			buildPhases = (
				FEE204DB201AC8D900E25B61 /* Sources */,
				FEE204DC201AC8D900E25B61 /* Frameworks */,
				FEE204DD201AC8D900E25B61 /* Resources */,
			);
			buildRules = (
			);
			dependencies = (
				FEE204E1201AC8D900E25B61 /* PBXTargetDependency */,
			);
			name = JRTTDemoUITests;
			productName = JRTTDemoUITests;
			productReference = FEE204DF201AC8D900E25B61 /* JRTTDemoUITests.xctest */;
			productType = "com.apple.product-type.bundle.ui-testing";
		};
/* End PBXNativeTarget section */

/* Begin PBXProject section */
		FEE204B4201AC8D900E25B61 /* Project object */ = {
			isa = PBXProject;
			attributes = {
				LastUpgradeCheck = 0920;
				ORGANIZATIONNAME = "袁书辉";
				TargetAttributes = {
					FEE204BB201AC8D900E25B61 = {
						CreatedOnToolsVersion = 9.2;
						ProvisioningStyle = Automatic;
					};
					FEE204D3201AC8D900E25B61 = {
						CreatedOnToolsVersion = 9.2;
						ProvisioningStyle = Automatic;
						TestTargetID = FEE204BB201AC8D900E25B61;
					};
					FEE204DE201AC8D900E25B61 = {
						CreatedOnToolsVersion = 9.2;
						ProvisioningStyle = Automatic;
						TestTargetID = FEE204BB201AC8D900E25B61;
					};
				};
			};
			buildConfigurationList = FEE204B7201AC8D900E25B61 /* Build configuration list for PBXProject "JRTTDemo" */;
			compatibilityVersion = "Xcode 8.0";
			developmentRegion = en;
			hasScannedForEncodings = 0;
			knownRegions = (
				en,
				Base,
			);
			mainGroup = FEE204B3201AC8D900E25B61;
			productRefGroup = FEE204BD201AC8D900E25B61 /* Products */;
			projectDirPath = "";
			projectRoot = "";
			targets = (
				FEE204BB201AC8D900E25B61 /* JRTTDemo */,
				FEE204D3201AC8D900E25B61 /* JRTTDemoTests */,
				FEE204DE201AC8D900E25B61 /* JRTTDemoUITests */,
			);
		};
/* End PBXProject section */

/* Begin PBXResourcesBuildPhase section */
		FEE204BA201AC8D900E25B61 /* Resources */ = {
			isa = PBXResourcesBuildPhase;
			buildActionMask = 2147483647;
			files = (
				FE20BD02201AD66B00BA07C8 /* HomeMenuCollectionViewCell.xib in Resources */,
				FEE204CC201AC8D900E25B61 /* LaunchScreen.storyboard in Resources */,
				FEB59FB9202950AF0003676D /* ImgBottomTableViewCell.xib in Resources */,
				FED70A2A202A907C005D567A /* PlaybackView.xib in Resources */,
				FEB59FDA20299ED10003676D /* SmalVideoCollectionViewCell.xib in Resources */,
				FEB59FB0202936290003676D /* ImgLeftTableViewCell.xib in Resources */,
				FED70A30202A97A3005D567A /* PlayBackCollectionViewCell.xib in Resources */,
				FEE204C9201AC8D900E25B61 /* Assets.xcassets in Resources */,
				FE679E822043B5FE00667A75 /* AAACollectionViewCell.xib in Resources */,
				FEB59FC120295E5A0003676D /* ImgBottomOneTableViewCell.xib in Resources */,
				FEB59FCA20298F3A0003676D /* README.md in Resources */,
				FED45C48202D28CB004670B1 /* ZhiBoTableViewCell.xib in Resources */,
				FEE204F8201ACC1400E25B61 /* HomeMenuView.xib in Resources */,
				FEB59FCC20298F510003676D /* JRTT.gif in Resources */,
				FEE204C7201AC8D900E25B61 /* Main.storyboard in Resources */,
			);
			runOnlyForDeploymentPostprocessing = 0;
		};
		FEE204D2201AC8D900E25B61 /* Resources */ = {
			isa = PBXResourcesBuildPhase;
			buildActionMask = 2147483647;
			files = (
			);
			runOnlyForDeploymentPostprocessing = 0;
		};
		FEE204DD201AC8D900E25B61 /* Resources */ = {
			isa = PBXResourcesBuildPhase;
			buildActionMask = 2147483647;
			files = (
			);
			runOnlyForDeploymentPostprocessing = 0;
		};
/* End PBXResourcesBuildPhase section */

/* Begin PBXShellScriptBuildPhase section */
		B3E0F1B754F3469DC482EAA8 /* [CP] Embed Pods Frameworks */ = {
			isa = PBXShellScriptBuildPhase;
			buildActionMask = 2147483647;
			files = (
			);
			inputPaths = (
			);
			name = "[CP] Embed Pods Frameworks";
			outputPaths = (
			);
			runOnlyForDeploymentPostprocessing = 0;
			shellPath = /bin/sh;
			shellScript = "\"${SRCROOT}/Pods/Target Support Files/Pods-JRTTDemo/Pods-JRTTDemo-frameworks.sh\"\n";
			showEnvVarsInLog = 0;
		};
		EDFFE2AE146814495DF667B0 /* [CP] Check Pods Manifest.lock */ = {
			isa = PBXShellScriptBuildPhase;
			buildActionMask = 2147483647;
			files = (
			);
			inputPaths = (
				"${PODS_PODFILE_DIR_PATH}/Podfile.lock",
				"${PODS_ROOT}/Manifest.lock",
			);
			name = "[CP] Check Pods Manifest.lock";
			outputPaths = (
				"$(DERIVED_FILE_DIR)/Pods-JRTTDemo-checkManifestLockResult.txt",
			);
			runOnlyForDeploymentPostprocessing = 0;
			shellPath = /bin/sh;
			shellScript = "diff \"${PODS_PODFILE_DIR_PATH}/Podfile.lock\" \"${PODS_ROOT}/Manifest.lock\" > /dev/null\nif [ $? != 0 ] ; then\n    # print error to STDERR\n    echo \"error: The sandbox is not in sync with the Podfile.lock. Run 'pod install' or update your CocoaPods installation.\" >&2\n    exit 1\nfi\n# This output is used by Xcode 'outputs' to avoid re-running this script phase.\necho \"SUCCESS\" > \"${SCRIPT_OUTPUT_FILE_0}\"\n";
			showEnvVarsInLog = 0;
		};
		F7204F03C6111FBFE705DA64 /* [CP] Copy Pods Resources */ = {
			isa = PBXShellScriptBuildPhase;
			buildActionMask = 2147483647;
			files = (
			);
			inputPaths = (
				"${SRCROOT}/Pods/Target Support Files/Pods-JRTTDemo/Pods-JRTTDemo-resources.sh",
				"${PODS_ROOT}/MJRefresh/MJRefresh/MJRefresh.bundle",
				"${PODS_ROOT}/ZFPlayer/ZFPlayer/ZFPlayer.bundle",
			);
			name = "[CP] Copy Pods Resources";
			outputPaths = (
				"${TARGET_BUILD_DIR}/${UNLOCALIZED_RESOURCES_FOLDER_PATH}",
			);
			runOnlyForDeploymentPostprocessing = 0;
			shellPath = /bin/sh;
			shellScript = "\"${SRCROOT}/Pods/Target Support Files/Pods-JRTTDemo/Pods-JRTTDemo-resources.sh\"\n";
			showEnvVarsInLog = 0;
		};
/* End PBXShellScriptBuildPhase section */

/* Begin PBXSourcesBuildPhase section */
		FEE204B8201AC8D900E25B61 /* Sources */ = {
			isa = PBXSourcesBuildPhase;
			buildActionMask = 2147483647;
			files = (
				FEB59FC8202988840003676D /* UIViewController+addA.m in Sources */,
				FE20BD07201AE9EB00BA07C8 /* CDViewController.m in Sources */,
				FE20BD01201AD66B00BA07C8 /* HomeMenuCollectionViewCell.m in Sources */,
				FED70A28202A906C005D567A /* PlaybackView.m in Sources */,
				FEB59FD920299ED10003676D /* SmalVideoCollectionViewCell.m in Sources */,
				FEB59FDD2029A1E00003676D /* SmallVideoViewModel.m in Sources */,
				FEB59FB8202950AF0003676D /* ImgBottomTableViewCell.m in Sources */,
				FEB59FBC202952960003676D /* TWTableViewCell.m in Sources */,
				FEB59FE22029A23B0003676D /* BaseCollectionViewModel.m in Sources */,
				FED45C4C202D8EDC004670B1 /* DetailZBViewController.m in Sources */,
				FE75C7F82028457E003C7D68 /* HttpHelper.m in Sources */,
				FE679E7D2043B2ED00667A75 /* SSHomeTopView.m in Sources */,
				FE20BCFD201AD2A300BA07C8 /* CollectionViewModel.m in Sources */,
				FE679E812043B5FE00667A75 /* AAACollectionViewCell.m in Sources */,
				FEE204CF201AC8D900E25B61 /* main.m in Sources */,
				FE4D2032201F004000FBD21D /* HomeViewController.m in Sources */,
				FED70A34202A99BF005D567A /* PlayBackViewModel.m in Sources */,
				FEB59FD320299BAB0003676D /* BaseChirldViewController.m in Sources */,
				FE75C7EF20280D5B003C7D68 /* DataModel.m in Sources */,
				FEB59FD020299B880003676D /* SmallVideoViewController.m in Sources */,
				FEB59FAF202936290003676D /* ImgLeftTableViewCell.m in Sources */,
				FEA6A00F20207B7F0079667F /* NSString+Date.m in Sources */,
				FEB59FC5202980740003676D /* TitleModel.m in Sources */,
				FED70A2F202A97A3005D567A /* PlayBackCollectionViewCell.m in Sources */,
				FEA35730201EBA2C009BDA4E /* JRTTabBarItem.m in Sources */,
				FEE204F6201ACC0800E25B61 /* HomeMenuView.m in Sources */,
				FE679E792043B26900667A75 /* WeiTouTiaoViewController.m in Sources */,
				FEB59FC020295E5A0003676D /* ImgBottomOneTableViewCell.m in Sources */,
				FEE204C1201AC8D900E25B61 /* AppDelegate.m in Sources */,
				FE75C7EC202809CB003C7D68 /* ContentModel.m in Sources */,
				FED45C47202D28CB004670B1 /* ZhiBoTableViewCell.m in Sources */,
			);
			runOnlyForDeploymentPostprocessing = 0;
		};
		FEE204D0201AC8D900E25B61 /* Sources */ = {
			isa = PBXSourcesBuildPhase;
			buildActionMask = 2147483647;
			files = (
				FEE204D9201AC8D900E25B61 /* JRTTDemoTests.m in Sources */,
			);
			runOnlyForDeploymentPostprocessing = 0;
		};
		FEE204DB201AC8D900E25B61 /* Sources */ = {
			isa = PBXSourcesBuildPhase;
			buildActionMask = 2147483647;
			files = (
				FEE204E4201AC8D900E25B61 /* JRTTDemoUITests.m in Sources */,
			);
			runOnlyForDeploymentPostprocessing = 0;
		};
/* End PBXSourcesBuildPhase section */

/* Begin PBXTargetDependency section */
		FEE204D6201AC8D900E25B61 /* PBXTargetDependency */ = {
			isa = PBXTargetDependency;
			target = FEE204BB201AC8D900E25B61 /* JRTTDemo */;
			targetProxy = FEE204D5201AC8D900E25B61 /* PBXContainerItemProxy */;
		};
		FEE204E1201AC8D900E25B61 /* PBXTargetDependency */ = {
			isa = PBXTargetDependency;
			target = FEE204BB201AC8D900E25B61 /* JRTTDemo */;
			targetProxy = FEE204E0201AC8D900E25B61 /* PBXContainerItemProxy */;
		};
/* End PBXTargetDependency section */

/* Begin PBXVariantGroup section */
		FEE204C5201AC8D900E25B61 /* Main.storyboard */ = {
			isa = PBXVariantGroup;
			children = (
				FEE204C6201AC8D900E25B61 /* Base */,
			);
			name = Main.storyboard;
			sourceTree = "<group>";
		};
		FEE204CA201AC8D900E25B61 /* LaunchScreen.storyboard */ = {
			isa = PBXVariantGroup;
			children = (
				FEE204CB201AC8D900E25B61 /* Base */,
			);
			name = LaunchScreen.storyboard;
			sourceTree = "<group>";
		};
/* End PBXVariantGroup section */

/* Begin XCBuildConfiguration section */
		FEE204E6201AC8D900E25B61 /* Debug */ = {
			isa = XCBuildConfiguration;
			buildSettings = {
				ALWAYS_SEARCH_USER_PATHS = NO;
				CLANG_ANALYZER_NONNULL = YES;
				CLANG_ANALYZER_NUMBER_OBJECT_CONVERSION = YES_AGGRESSIVE;
				CLANG_CXX_LANGUAGE_STANDARD = "gnu++14";
				CLANG_CXX_LIBRARY = "libc++";
				CLANG_ENABLE_MODULES = YES;
				CLANG_ENABLE_OBJC_ARC = YES;
				CLANG_WARN_BLOCK_CAPTURE_AUTORELEASING = YES;
				CLANG_WARN_BOOL_CONVERSION = YES;
				CLANG_WARN_COMMA = YES;
				CLANG_WARN_CONSTANT_CONVERSION = YES;
				CLANG_WARN_DIRECT_OBJC_ISA_USAGE = YES_ERROR;
				CLANG_WARN_DOCUMENTATION_COMMENTS = YES;
				CLANG_WARN_EMPTY_BODY = YES;
				CLANG_WARN_ENUM_CONVERSION = YES;
				CLANG_WARN_INFINITE_RECURSION = YES;
				CLANG_WARN_INT_CONVERSION = YES;
				CLANG_WARN_NON_LITERAL_NULL_CONVERSION = YES;
				CLANG_WARN_OBJC_LITERAL_CONVERSION = YES;
				CLANG_WARN_OBJC_ROOT_CLASS = YES_ERROR;
				CLANG_WARN_RANGE_LOOP_ANALYSIS = YES;
				CLANG_WARN_STRICT_PROTOTYPES = YES;
				CLANG_WARN_SUSPICIOUS_MOVE = YES;
				CLANG_WARN_UNGUARDED_AVAILABILITY = YES_AGGRESSIVE;
				CLANG_WARN_UNREACHABLE_CODE = YES;
				CLANG_WARN__DUPLICATE_METHOD_MATCH = YES;
				CODE_SIGN_IDENTITY = "iPhone Developer";
				COPY_PHASE_STRIP = NO;
				DEBUG_INFORMATION_FORMAT = dwarf;
				ENABLE_STRICT_OBJC_MSGSEND = YES;
				ENABLE_TESTABILITY = YES;
				GCC_C_LANGUAGE_STANDARD = gnu11;
				GCC_DYNAMIC_NO_PIC = NO;
				GCC_NO_COMMON_BLOCKS = YES;
				GCC_OPTIMIZATION_LEVEL = 0;
				GCC_PREPROCESSOR_DEFINITIONS = (
					"DEBUG=1",
					"$(inherited)",
				);
				GCC_WARN_64_TO_32_BIT_CONVERSION = YES;
				GCC_WARN_ABOUT_RETURN_TYPE = YES_ERROR;
				GCC_WARN_UNDECLARED_SELECTOR = YES;
				GCC_WARN_UNINITIALIZED_AUTOS = YES_AGGRESSIVE;
				GCC_WARN_UNUSED_FUNCTION = YES;
				GCC_WARN_UNUSED_VARIABLE = YES;
				IPHONEOS_DEPLOYMENT_TARGET = 11.2;
				MTL_ENABLE_DEBUG_INFO = YES;
				ONLY_ACTIVE_ARCH = YES;
				SDKROOT = iphoneos;
			};
			name = Debug;
		};
		FEE204E7201AC8D900E25B61 /* Release */ = {
			isa = XCBuildConfiguration;
			buildSettings = {
				ALWAYS_SEARCH_USER_PATHS = NO;
				CLANG_ANALYZER_NONNULL = YES;
				CLANG_ANALYZER_NUMBER_OBJECT_CONVERSION = YES_AGGRESSIVE;
				CLANG_CXX_LANGUAGE_STANDARD = "gnu++14";
				CLANG_CXX_LIBRARY = "libc++";
				CLANG_ENABLE_MODULES = YES;
				CLANG_ENABLE_OBJC_ARC = YES;
				CLANG_WARN_BLOCK_CAPTURE_AUTORELEASING = YES;
				CLANG_WARN_BOOL_CONVERSION = YES;
				CLANG_WARN_COMMA = YES;
				CLANG_WARN_CONSTANT_CONVERSION = YES;
				CLANG_WARN_DIRECT_OBJC_ISA_USAGE = YES_ERROR;
				CLANG_WARN_DOCUMENTATION_COMMENTS = YES;
				CLANG_WARN_EMPTY_BODY = YES;
				CLANG_WARN_ENUM_CONVERSION = YES;
				CLANG_WARN_INFINITE_RECURSION = YES;
				CLANG_WARN_INT_CONVERSION = YES;
				CLANG_WARN_NON_LITERAL_NULL_CONVERSION = YES;
				CLANG_WARN_OBJC_LITERAL_CONVERSION = YES;
				CLANG_WARN_OBJC_ROOT_CLASS = YES_ERROR;
				CLANG_WARN_RANGE_LOOP_ANALYSIS = YES;
				CLANG_WARN_STRICT_PROTOTYPES = YES;
				CLANG_WARN_SUSPICIOUS_MOVE = YES;
				CLANG_WARN_UNGUARDED_AVAILABILITY = YES_AGGRESSIVE;
				CLANG_WARN_UNREACHABLE_CODE = YES;
				CLANG_WARN__DUPLICATE_METHOD_MATCH = YES;
				CODE_SIGN_IDENTITY = "iPhone Developer";
				COPY_PHASE_STRIP = NO;
				DEBUG_INFORMATION_FORMAT = "dwarf-with-dsym";
				ENABLE_NS_ASSERTIONS = NO;
				ENABLE_STRICT_OBJC_MSGSEND = YES;
				GCC_C_LANGUAGE_STANDARD = gnu11;
				GCC_NO_COMMON_BLOCKS = YES;
				GCC_WARN_64_TO_32_BIT_CONVERSION = YES;
				GCC_WARN_ABOUT_RETURN_TYPE = YES_ERROR;
				GCC_WARN_UNDECLARED_SELECTOR = YES;
				GCC_WARN_UNINITIALIZED_AUTOS = YES_AGGRESSIVE;
				GCC_WARN_UNUSED_FUNCTION = YES;
				GCC_WARN_UNUSED_VARIABLE = YES;
				IPHONEOS_DEPLOYMENT_TARGET = 11.2;
				MTL_ENABLE_DEBUG_INFO = NO;
				SDKROOT = iphoneos;
				VALIDATE_PRODUCT = YES;
			};
			name = Release;
		};
		FEE204E9201AC8D900E25B61 /* Debug */ = {
			isa = XCBuildConfiguration;
			baseConfigurationReference = 185658AB74A4005916F37DDE /* Pods-JRTTDemo.debug.xcconfig */;
			buildSettings = {
				ASSETCATALOG_COMPILER_APPICON_NAME = AppIcon;
				CODE_SIGN_STYLE = Automatic;
				DEVELOPMENT_TEAM = G6K2R77NE3;
				GCC_PREFIX_HEADER = "$(SRCROOT)/JRTTDemo/PrefixHeader.pch";
				INFOPLIST_FILE = JRTTDemo/Info.plist;
				IPHONEOS_DEPLOYMENT_TARGET = 8;
				LD_RUNPATH_SEARCH_PATHS = "$(inherited) @executable_path/Frameworks";
				PRODUCT_BUNDLE_IDENTIFIER = com.qiurong.qiuqiuShop1;
				PRODUCT_NAME = "$(TARGET_NAME)";
				TARGETED_DEVICE_FAMILY = "1,2";
			};
			name = Debug;
		};
		FEE204EA201AC8D900E25B61 /* Release */ = {
			isa = XCBuildConfiguration;
			baseConfigurationReference = BCA3D332D1552F11D50DDF26 /* Pods-JRTTDemo.release.xcconfig */;
			buildSettings = {
				ASSETCATALOG_COMPILER_APPICON_NAME = AppIcon;
				CODE_SIGN_STYLE = Automatic;
				DEVELOPMENT_TEAM = G6K2R77NE3;
				GCC_PREFIX_HEADER = "$(SRCROOT)/JRTTDemo/PrefixHeader.pch";
				INFOPLIST_FILE = JRTTDemo/Info.plist;
				IPHONEOS_DEPLOYMENT_TARGET = 8;
				LD_RUNPATH_SEARCH_PATHS = "$(inherited) @executable_path/Frameworks";
				PRODUCT_BUNDLE_IDENTIFIER = com.qiurong.qiuqiuShop1;
				PRODUCT_NAME = "$(TARGET_NAME)";
				TARGETED_DEVICE_FAMILY = "1,2";
			};
			name = Release;
		};
		FEE204EC201AC8D900E25B61 /* Debug */ = {
			isa = XCBuildConfiguration;
			buildSettings = {
				BUNDLE_LOADER = "$(TEST_HOST)";
				CODE_SIGN_STYLE = Automatic;
				DEVELOPMENT_TEAM = G6K2R77NE3;
				INFOPLIST_FILE = JRTTDemoTests/Info.plist;
				LD_RUNPATH_SEARCH_PATHS = "$(inherited) @executable_path/Frameworks @loader_path/Frameworks";
				PRODUCT_BUNDLE_IDENTIFIER = com.qiurong.JRTTDemoTests;
				PRODUCT_NAME = "$(TARGET_NAME)";
				TARGETED_DEVICE_FAMILY = "1,2";
				TEST_HOST = "$(BUILT_PRODUCTS_DIR)/JRTTDemo.app/JRTTDemo";
			};
			name = Debug;
		};
		FEE204ED201AC8D900E25B61 /* Release */ = {
			isa = XCBuildConfiguration;
			buildSettings = {
				BUNDLE_LOADER = "$(TEST_HOST)";
				CODE_SIGN_STYLE = Automatic;
				DEVELOPMENT_TEAM = G6K2R77NE3;
				INFOPLIST_FILE = JRTTDemoTests/Info.plist;
				LD_RUNPATH_SEARCH_PATHS = "$(inherited) @executable_path/Frameworks @loader_path/Frameworks";
				PRODUCT_BUNDLE_IDENTIFIER = com.qiurong.JRTTDemoTests;
				PRODUCT_NAME = "$(TARGET_NAME)";
				TARGETED_DEVICE_FAMILY = "1,2";
				TEST_HOST = "$(BUILT_PRODUCTS_DIR)/JRTTDemo.app/JRTTDemo";
			};
			name = Release;
		};
		FEE204EF201AC8D900E25B61 /* Debug */ = {
			isa = XCBuildConfiguration;
			buildSettings = {
				CODE_SIGN_STYLE = Automatic;
				DEVELOPMENT_TEAM = G6K2R77NE3;
				INFOPLIST_FILE = JRTTDemoUITests/Info.plist;
				LD_RUNPATH_SEARCH_PATHS = "$(inherited) @executable_path/Frameworks @loader_path/Frameworks";
				PRODUCT_BUNDLE_IDENTIFIER = com.qiurong.JRTTDemoUITests;
				PRODUCT_NAME = "$(TARGET_NAME)";
				TARGETED_DEVICE_FAMILY = "1,2";
				TEST_TARGET_NAME = JRTTDemo;
			};
			name = Debug;
		};
		FEE204F0201AC8D900E25B61 /* Release */ = {
			isa = XCBuildConfiguration;
			buildSettings = {
				CODE_SIGN_STYLE = Automatic;
				DEVELOPMENT_TEAM = G6K2R77NE3;
				INFOPLIST_FILE = JRTTDemoUITests/Info.plist;
				LD_RUNPATH_SEARCH_PATHS = "$(inherited) @executable_path/Frameworks @loader_path/Frameworks";
				PRODUCT_BUNDLE_IDENTIFIER = com.qiurong.JRTTDemoUITests;
				PRODUCT_NAME = "$(TARGET_NAME)";
				TARGETED_DEVICE_FAMILY = "1,2";
				TEST_TARGET_NAME = JRTTDemo;
			};
			name = Release;
		};
/* End XCBuildConfiguration section */

/* Begin XCConfigurationList section */
		FEE204B7201AC8D900E25B61 /* Build configuration list for PBXProject "JRTTDemo" */ = {
			isa = XCConfigurationList;
			buildConfigurations = (
				FEE204E6201AC8D900E25B61 /* Debug */,
				FEE204E7201AC8D900E25B61 /* Release */,
			);
			defaultConfigurationIsVisible = 0;
			defaultConfigurationName = Release;
		};
		FEE204E8201AC8D900E25B61 /* Build configuration list for PBXNativeTarget "JRTTDemo" */ = {
			isa = XCConfigurationList;
			buildConfigurations = (
				FEE204E9201AC8D900E25B61 /* Debug */,
				FEE204EA201AC8D900E25B61 /* Release */,
			);
			defaultConfigurationIsVisible = 0;
			defaultConfigurationName = Release;
		};
		FEE204EB201AC8D900E25B61 /* Build configuration list for PBXNativeTarget "JRTTDemoTests" */ = {
			isa = XCConfigurationList;
			buildConfigurations = (
				FEE204EC201AC8D900E25B61 /* Debug */,
				FEE204ED201AC8D900E25B61 /* Release */,
			);
			defaultConfigurationIsVisible = 0;
			defaultConfigurationName = Release;
		};
		FEE204EE201AC8D900E25B61 /* Build configuration list for PBXNativeTarget "JRTTDemoUITests" */ = {
			isa = XCConfigurationList;
			buildConfigurations = (
				FEE204EF201AC8D900E25B61 /* Debug */,
				FEE204F0201AC8D900E25B61 /* Release */,
			);
			defaultConfigurationIsVisible = 0;
			defaultConfigurationName = Release;
		};
/* End XCConfigurationList section */
	};
	rootObject = FEE204B4201AC8D900E25B61 /* Project object */;
}
